
Microsoft Visual Studio Solution File, Format Version 12.00
# Visual Studio Version 16
VisualStudioVersion = 25.0.1704.2
MinimumVisualStudioVersion = 10.0.40219.1
Project("{FAE04EC0-301F-11D3-BF4B-00C04F79EFBC}") = "MatchingBraces.UnitTest", "MatchingBraces.UnitTest\MatchingBraces.UnitTest.csproj", "{2B248A33-717B-4E64-9F3E-FF0EEF306FFC}"
EndProject
Project("{FAE04EC0-301F-11D3-BF4B-00C04F79EFBC}") = "MatchingBrackets", "MatchingBrackets\MatchingBrackets.csproj", "{C6DFBCA6-339C-4A82-B28C-7057DCCCF423}"
EndProject
Global
	GlobalSection(SolutionConfigurationPlatforms) = preSolution
		Debug|Any CPU = Debug|Any CPU
		Release|Any CPU = Release|Any CPU
	EndGlobalSection
	GlobalSection(ProjectConfigurationPlatforms) = postSolution
		{2B248A33-717B-4E64-9F3E-FF0EEF306FFC}.Debug|Any CPU.ActiveCfg = Debug|Any CPU
		{2B248A33-717B-4E64-9F3E-FF0EEF306FFC}.Debug|Any CPU.Build.0 = Debug|Any CPU
		{2B248A33-717B-4E64-9F3E-FF0EEF306FFC}.Release|Any CPU.ActiveCfg = Release|Any CPU
		{2B248A33-717B-4E64-9F3E-FF0EEF306FFC}.Release|Any CPU.Build.0 = Release|Any CPU
		{C6DFBCA6-339C-4A82-B28C-7057DCCCF423}.Debug|Any CPU.ActiveCfg = Debug|Any CPU
		{C6DFBCA6-339C-4A82-B28C-7057DCCCF423}.Debug|Any CPU.Build.0 = Debug|Any CPU
		{C6DFBCA6-339C-4A82-B28C-7057DCCCF423}.Release|Any CPU.ActiveCfg = Release|Any CPU
		{C6DFBCA6-339C-4A82-B28C-7057DCCCF423}.Release|Any CPU.Build.0 = Release|Any CPU
	EndGlobalSection
	GlobalSection(SolutionProperties) = preSolution
		HideSolutionNode = FALSE
	EndGlobalSection
	GlobalSection(ExtensibilityGlobals) = postSolution
		SolutionGuid = {537B061F-23E1-4109-A198-E8540799FF3D}
	EndGlobalSection
EndGlobal
